
Microsoft Visual Studio Solution File, Format Version 12.00
# Visual Studio Version 17
VisualStudioVersion = 17.8.34330.188
MinimumVisualStudioVersion = 10.0.40219.1
Project("{FAE04EC0-301F-11D3-BF4B-00C04F79EFBC}") = "Notepad", "Notepad\Notepad.csproj", "{270784C9-A578-470A-A7AA-4B4C3A84EA0E}"
EndProject
Global
	GlobalSection(SolutionConfigurationPlatforms) = preSolution
		Debug|Any CPU = Debug|Any CPU
		Release|Any CPU = Release|Any CPU
	EndGlobalSection
	GlobalSection(ProjectConfigurationPlatforms) = postSolution
		{270784C9-A578-470A-A7AA-4B4C3A84EA0E}.Debug|Any CPU.ActiveCfg = Debug|Any CPU
		{270784C9-A578-470A-A7AA-4B4C3A84EA0E}.Debug|Any CPU.Build.0 = Debug|Any CPU
		{270784C9-A578-470A-A7AA-4B4C3A84EA0E}.Release|Any CPU.ActiveCfg = Release|Any CPU
		{270784C9-A578-470A-A7AA-4B4C3A84EA0E}.Release|Any CPU.Build.0 = Release|Any CPU
	EndGlobalSection
	GlobalSection(SolutionProperties) = preSolution
		HideSolutionNode = FALSE
	EndGlobalSection
	GlobalSection(ExtensibilityGlobals) = postSolution
		SolutionGuid = {E4EB1823-7F56-4CBB-99B9-A8F748C9E3AF}
	EndGlobalSection
EndGlobal
